
Microsoft Visual Studio Solution File, Format Version 12.00
# Visual Studio Version 17
VisualStudioVersion = 17.6.33829.357
MinimumVisualStudioVersion = 10.0.40219.1
Project("{9A19103F-16F7-4668-BE54-9A1E7A4F7556}") = "BlogApp", "BlogApp\BlogApp.csproj", "{A5B0CE67-B556-44B9-BAF2-440A4243FD67}"
EndProject
Project("{FAE04EC0-301F-11D3-BF4B-00C04F79EFBC}") = "BlogApp.Test", "BlogApp.Test\BlogApp.Test.csproj", "{350B35D4-4B77-4731-A027-E1EEF71C32FD}"
EndProject
Global
	GlobalSection(SolutionConfigurationPlatforms) = preSolution
		Debug|Any CPU = Debug|Any CPU
		Release|Any CPU = Release|Any CPU
	EndGlobalSection
	GlobalSection(ProjectConfigurationPlatforms) = postSolution
		{A5B0CE67-B556-44B9-BAF2-440A4243FD67}.Debug|Any CPU.ActiveCfg = Debug|Any CPU
		{A5B0CE67-B556-44B9-BAF2-440A4243FD67}.Debug|Any CPU.Build.0 = Debug|Any CPU
		{A5B0CE67-B556-44B9-BAF2-440A4243FD67}.Release|Any CPU.ActiveCfg = Release|Any CPU
		{A5B0CE67-B556-44B9-BAF2-440A4243FD67}.Release|Any CPU.Build.0 = Release|Any CPU
		{350B35D4-4B77-4731-A027-E1EEF71C32FD}.Debug|Any CPU.ActiveCfg = Debug|Any CPU
		{350B35D4-4B77-4731-A027-E1EEF71C32FD}.Debug|Any CPU.Build.0 = Debug|Any CPU
		{350B35D4-4B77-4731-A027-E1EEF71C32FD}.Release|Any CPU.ActiveCfg = Release|Any CPU
		{350B35D4-4B77-4731-A027-E1EEF71C32FD}.Release|Any CPU.Build.0 = Release|Any CPU
	EndGlobalSection
	GlobalSection(SolutionProperties) = preSolution
		HideSolutionNode = FALSE
	EndGlobalSection
	GlobalSection(ExtensibilityGlobals) = postSolution
		SolutionGuid = {A061D2A7-3B11-4845-A806-19717DEBA2EF}
	EndGlobalSection
EndGlobal
